
Microsoft Visual Studio Solution File, Format Version 12.00
# Visual Studio 15
VisualStudioVersion = 15.0.26730.8
MinimumVisualStudioVersion = 10.0.40219.1
Project("{FAE04EC0-301F-11D3-BF4B-00C04F79EFBC}") = "FC.eFox.desktop.cz", "FC.eFox.desktop.cz\FC.eFox.desktop.cz.csproj", "{0FB85F91-35CF-4303-883D-6FBF1406571E}"
EndProject
Global
	GlobalSection(SolutionConfigurationPlatforms) = preSolution
		Debug|Any CPU = Debug|Any CPU
		Release|Any CPU = Release|Any CPU
	EndGlobalSection
	GlobalSection(ProjectConfigurationPlatforms) = postSolution
		{0FB85F91-35CF-4303-883D-6FBF1406571E}.Debug|Any CPU.ActiveCfg = Debug|Any CPU
		{0FB85F91-35CF-4303-883D-6FBF1406571E}.Debug|Any CPU.Build.0 = Debug|Any CPU
		{0FB85F91-35CF-4303-883D-6FBF1406571E}.Release|Any CPU.ActiveCfg = Release|Any CPU
		{0FB85F91-35CF-4303-883D-6FBF1406571E}.Release|Any CPU.Build.0 = Release|Any CPU
	EndGlobalSection
	GlobalSection(SolutionProperties) = preSolution
		HideSolutionNode = FALSE
	EndGlobalSection
	GlobalSection(ExtensibilityGlobals) = postSolution
		SolutionGuid = {074D2909-BE7B-442A-9D54-E968F5A4D84C}
	EndGlobalSection
EndGlobal
